// !$*UTF8*$!
{
	archiveVersion = 1;
	classes = {
	};
	objectVersion = 50;
	objects = {

/* Begin PBXBuildFile section */
		7BF752E72359C41500215918 /* AppDelegate.swift in Sources */ = {isa = PBXBuildFile; fileRef = 7BF752E62359C41500215918 /* AppDelegate.swift */; };
		7BF752E92359C41500215918 /* SceneDelegate.swift in Sources */ = {isa = PBXBuildFile; fileRef = 7BF752E82359C41500215918 /* SceneDelegate.swift */; };
		7BF752EB2359C41500215918 /* ViewController.swift in Sources */ = {isa = PBXBuildFile; fileRef = 7BF752EA2359C41500215918 /* ViewController.swift */; };
		7BF752EE2359C41500215918 /* Main.storyboard in Resources */ = {isa = PBXBuildFile; fileRef = 7BF752EC2359C41500215918 /* Main.storyboard */; };
		7BF752F12359C41500215918 /* Otter.xcdatamodeld in Sources */ = {isa = PBXBuildFile; fileRef = 7BF752EF2359C41500215918 /* Otter.xcdatamodeld */; };
		7BF752F32359C41700215918 /* Assets.xcassets in Resources */ = {isa = PBXBuildFile; fileRef = 7BF752F22359C41700215918 /* Assets.xcassets */; };
		7BF752F62359C41700215918 /* LaunchScreen.storyboard in Resources */ = {isa = PBXBuildFile; fileRef = 7BF752F42359C41700215918 /* LaunchScreen.storyboard */; };
/* End PBXBuildFile section */

/* Begin PBXFileReference section */
		7BF752E32359C41500215918 /* Otter.app */ = {isa = PBXFileReference; explicitFileType = wrapper.application; includeInIndex = 0; path = Otter.app; sourceTree = BUILT_PRODUCTS_DIR; };
		7BF752E62359C41500215918 /* AppDelegate.swift */ = {isa = PBXFileReference; lastKnownFileType = sourcecode.swift; path = AppDelegate.swift; sourceTree = "<group>"; };
		7BF752E82359C41500215918 /* SceneDelegate.swift */ = {isa = PBXFileReference; lastKnownFileType = sourcecode.swift; path = SceneDelegate.swift; sourceTree = "<group>"; };
		7BF752EA2359C41500215918 /* ViewController.swift */ = {isa = PBXFileReference; lastKnownFileType = sourcecode.swift; path = ViewController.swift; sourceTree = "<group>"; };
		7BF752ED2359C41500215918 /* Base */ = {isa = PBXFileReference; lastKnownFileType = file.storyboard; name = Base; path = Base.lproj/Main.storyboard; sourceTree = "<group>"; };
		7BF752F02359C41500215918 /* Otter.xcdatamodel */ = {isa = PBXFileReference; lastKnownFileType = wrapper.xcdatamodel; path = Otter.xcdatamodel; sourceTree = "<group>"; };
		7BF752F22359C41700215918 /* Assets.xcassets */ = {isa = PBXFileReference; lastKnownFileType = folder.assetcatalog; path = Assets.xcassets; sourceTree = "<group>"; };
		7BF752F52359C41700215918 /* Base */ = {isa = PBXFileReference; lastKnownFileType = file.storyboard; name = Base; path = Base.lproj/LaunchScreen.storyboard; sourceTree = "<group>"; };
		7BF752F72359C41700215918 /* Info.plist */ = {isa = PBXFileReference; lastKnownFileType = text.plist.xml; path = Info.plist; sourceTree = "<group>"; };
/* End PBXFileReference section */

/* Begin PBXFrameworksBuildPhase section */
		7BF752E02359C41500215918 /* Frameworks */ = {
			isa = PBXFrameworksBuildPhase;
			buildActionMask = 2147483647;
			files = (
			);
			runOnlyForDeploymentPostprocessing = 0;
		};
/* End PBXFrameworksBuildPhase section */

/* Begin PBXGroup section */
		7BF752DA2359C41500215918 = {
			isa = PBXGroup;
			children = (
				7BF752E52359C41500215918 /* Otter */,
				7BF752E42359C41500215918 /* Products */,
			);
			sourceTree = "<group>";
		};
		7BF752E42359C41500215918 /* Products */ = {
			isa = PBXGroup;
			children = (
				7BF752E32359C41500215918 /* Otter.app */,
			);
			name = Products;
			sourceTree = "<group>";
		};
		7BF752E52359C41500215918 /* Otter */ = {
			isa = PBXGroup;
			children = (
				7BF752E62359C41500215918 /* AppDelegate.swift */,
				7BF752E82359C41500215918 /* SceneDelegate.swift */,
				7BF752EA2359C41500215918 /* ViewController.swift */,
				7BF752EC2359C41500215918 /* Main.storyboard */,
				7BF752F22359C41700215918 /* Assets.xcassets */,
				7BF752F42359C41700215918 /* LaunchScreen.storyboard */,
				7BF752F72359C41700215918 /* Info.plist */,
				7BF752EF2359C41500215918 /* Otter.xcdatamodeld */,
			);
			path = Otter;
			sourceTree = "<group>";
		};
/* End PBXGroup section */

/* Begin PBXNativeTarget section */
		7BF752E22359C41500215918 /* Otter */ = {
			isa = PBXNativeTarget;
			buildConfigurationList = 7BF752FA2359C41700215918 /* Build configuration list for PBXNativeTarget "Otter" */;
			buildPhases = (
				7BF752DF2359C41500215918 /* Sources */,
				7BF752E02359C41500215918 /* Frameworks */,
				7BF752E12359C41500215918 /* Resources */,
			);
			buildRules = (
			);
			dependencies = (
			);
			name = Otter;
			productName = Otter;
			productReference = 7BF752E32359C41500215918 /* Otter.app */;
			productType = "com.apple.product-type.application";
		};
/* End PBXNativeTarget section */

/* Begin PBXProject section */
		7BF752DB2359C41500215918 /* Project object */ = {
			isa = PBXProject;
			attributes = {
				LastSwiftUpdateCheck = 1110;
				LastUpgradeCheck = 1110;
				ORGANIZATIONNAME = alpine;
				TargetAttributes = {
					7BF752E22359C41500215918 = {
						CreatedOnToolsVersion = 11.1;
					};
				};
			};
			buildConfigurationList = 7BF752DE2359C41500215918 /* Build configuration list for PBXProject "Otter" */;
			compatibilityVersion = "Xcode 9.3";
			developmentRegion = en;
			hasScannedForEncodings = 0;
			knownRegions = (
				en,
				Base,
			);
			mainGroup = 7BF752DA2359C41500215918;
			productRefGroup = 7BF752E42359C41500215918 /* Products */;
			projectDirPath = "";
			projectRoot = "";
			targets = (
				7BF752E22359C41500215918 /* Otter */,
			);
		};
/* End PBXProject section */

/* Begin PBXResourcesBuildPhase section */
		7BF752E12359C41500215918 /* Resources */ = {
			isa = PBXResourcesBuildPhase;
			buildActionMask = 2147483647;
			files = (
				7BF752F62359C41700215918 /* LaunchScreen.storyboard in Resources */,
				7BF752F32359C41700215918 /* Assets.xcassets in Resources */,
				7BF752EE2359C41500215918 /* Main.storyboard in Resources */,
			);
			runOnlyForDeploymentPostprocessing = 0;
		};
/* End PBXResourcesBuildPhase section */

/* Begin PBXSourcesBuildPhase section */
		7BF752DF2359C41500215918 /* Sources */ = {
			isa = PBXSourcesBuildPhase;
			buildActionMask = 2147483647;
			files = (
				7BF752F12359C41500215918 /* Otter.xcdatamodeld in Sources */,
				7BF752EB2359C41500215918 /* ViewController.swift in Sources */,
				7BF752E72359C41500215918 /* AppDelegate.swift in Sources */,
				7BF752E92359C41500215918 /* SceneDelegate.swift in Sources */,
			);
			runOnlyForDeploymentPostprocessing = 0;
		};
/* End PBXSourcesBuildPhase section */

/* Begin PBXVariantGroup section */
		7BF752EC2359C41500215918 /* Main.storyboard */ = {
			isa = PBXVariantGroup;
			children = (
				7BF752ED2359C41500215918 /* Base */,
			);
			name = Main.storyboard;
			sourceTree = "<group>";
		};
		7BF752F42359C41700215918 /* LaunchScreen.storyboard */ = {
			isa = PBXVariantGroup;
			children = (
				7BF752F52359C41700215918 /* Base */,
			);
			name = LaunchScreen.storyboard;
			sourceTree = "<group>";
		};
/* End PBXVariantGroup section */

/* Begin XCBuildConfiguration section */
		7BF752F82359C41700215918 /* Debug */ = {
			isa = XCBuildConfiguration;
			buildSettings = {
				ALWAYS_SEARCH_USER_PATHS = NO;
				CLANG_ANALYZER_NONNULL = YES;
				CLANG_ANALYZER_NUMBER_OBJECT_CONVERSION = YES_AGGRESSIVE;
				CLANG_CXX_LANGUAGE_STANDARD = "gnu++14";
				CLANG_CXX_LIBRARY = "libc++";
				CLANG_ENABLE_MODULES = YES;
				CLANG_ENABLE_OBJC_ARC = YES;
				CLANG_ENABLE_OBJC_WEAK = YES;
				CLANG_WARN_BLOCK_CAPTURE_AUTORELEASING = YES;
				CLANG_WARN_BOOL_CONVERSION = YES;
				CLANG_WARN_COMMA = YES;
				CLANG_WARN_CONSTANT_CONVERSION = YES;
				CLANG_WARN_DEPRECATED_OBJC_IMPLEMENTATIONS = YES;
				CLANG_WARN_DIRECT_OBJC_ISA_USAGE = YES_ERROR;
				CLANG_WARN_DOCUMENTATION_COMMENTS = YES;
				CLANG_WARN_EMPTY_BODY = YES;
				CLANG_WARN_ENUM_CONVERSION = YES;
				CLANG_WARN_INFINITE_RECURSION = YES;
				CLANG_WARN_INT_CONVERSION = YES;
				CLANG_WARN_NON_LITERAL_NULL_CONVERSION = YES;
				CLANG_WARN_OBJC_IMPLICIT_RETAIN_SELF = YES;
				CLANG_WARN_OBJC_LITERAL_CONVERSION = YES;
				CLANG_WARN_OBJC_ROOT_CLASS = YES_ERROR;
				CLANG_WARN_RANGE_LOOP_ANALYSIS = YES;
				CLANG_WARN_STRICT_PROTOTYPES = YES;
				CLANG_WARN_SUSPICIOUS_MOVE = YES;
				CLANG_WARN_UNGUARDED_AVAILABILITY = YES_AGGRESSIVE;
				CLANG_WARN_UNREACHABLE_CODE = YES;
				CLANG_WARN__DUPLICATE_METHOD_MATCH = YES;
				COPY_PHASE_STRIP = NO;
				DEBUG_INFORMATION_FORMAT = dwarf;
				ENABLE_STRICT_OBJC_MSGSEND = YES;
				ENABLE_TESTABILITY = YES;
				GCC_C_LANGUAGE_STANDARD = gnu11;
				GCC_DYNAMIC_NO_PIC = NO;
				GCC_NO_COMMON_BLOCKS = YES;
				GCC_OPTIMIZATION_LEVEL = 0;
				GCC_PREPROCESSOR_DEFINITIONS = (
					"DEBUG=1",
					"$(inherited)",
				);
				GCC_WARN_64_TO_32_BIT_CONVERSION = YES;
				GCC_WARN_ABOUT_RETURN_TYPE = YES_ERROR;
				GCC_WARN_UNDECLARED_SELECTOR = YES;
				GCC_WARN_UNINITIALIZED_AUTOS = YES_AGGRESSIVE;
				GCC_WARN_UNUSED_FUNCTION = YES;
				GCC_WARN_UNUSED_VARIABLE = YES;
				IPHONEOS_DEPLOYMENT_TARGET = 13.1;
				MTL_ENABLE_DEBUG_INFO = INCLUDE_SOURCE;
				MTL_FAST_MATH = YES;
				ONLY_ACTIVE_ARCH = YES;
				SDKROOT = iphoneos;
				SWIFT_ACTIVE_COMPILATION_CONDITIONS = DEBUG;
				SWIFT_OPTIMIZATION_LEVEL = "-Onone";
			};
			name = Debug;
		};
		7BF752F92359C41700215918 /* Release */ = {
			isa = XCBuildConfiguration;
			buildSettings = {
				ALWAYS_SEARCH_USER_PATHS = NO;
				CLANG_ANALYZER_NONNULL = YES;
				CLANG_ANALYZER_NUMBER_OBJECT_CONVERSION = YES_AGGRESSIVE;
				CLANG_CXX_LANGUAGE_STANDARD = "gnu++14";
				CLANG_CXX_LIBRARY = "libc++";
				CLANG_ENABLE_MODULES = YES;
				CLANG_ENABLE_OBJC_ARC = YES;
				CLANG_ENABLE_OBJC_WEAK = YES;
				CLANG_WARN_BLOCK_CAPTURE_AUTORELEASING = YES;
				CLANG_WARN_BOOL_CONVERSION = YES;
				CLANG_WARN_COMMA = YES;
				CLANG_WARN_CONSTANT_CONVERSION = YES;
				CLANG_WARN_DEPRECATED_OBJC_IMPLEMENTATIONS = YES;
				CLANG_WARN_DIRECT_OBJC_ISA_USAGE = YES_ERROR;
				CLANG_WARN_DOCUMENTATION_COMMENTS = YES;
				CLANG_WARN_EMPTY_BODY = YES;
				CLANG_WARN_ENUM_CONVERSION = YES;
				CLANG_WARN_INFINITE_RECURSION = YES;
				CLANG_WARN_INT_CONVERSION = YES;
				CLANG_WARN_NON_LITERAL_NULL_CONVERSION = YES;
				CLANG_WARN_OBJC_IMPLICIT_RETAIN_SELF = YES;
				CLANG_WARN_OBJC_LITERAL_CONVERSION = YES;
				CLANG_WARN_OBJC_ROOT_CLASS = YES_ERROR;
				CLANG_WARN_RANGE_LOOP_ANALYSIS = YES;
				CLANG_WARN_STRICT_PROTOTYPES = YES;
				CLANG_WARN_SUSPICIOUS_MOVE = YES;
				CLANG_WARN_UNGUARDED_AVAILABILITY = YES_AGGRESSIVE;
				CLANG_WARN_UNREACHABLE_CODE = YES;
				CLANG_WARN__DUPLICATE_METHOD_MATCH = YES;
				COPY_PHASE_STRIP = NO;
				DEBUG_INFORMATION_FORMAT = "dwarf-with-dsym";
				ENABLE_NS_ASSERTIONS = NO;
				ENABLE_STRICT_OBJC_MSGSEND = YES;
				GCC_C_LANGUAGE_STANDARD = gnu11;
				GCC_NO_COMMON_BLOCKS = YES;
				GCC_WARN_64_TO_32_BIT_CONVERSION = YES;
				GCC_WARN_ABOUT_RETURN_TYPE = YES_ERROR;
				GCC_WARN_UNDECLARED_SELECTOR = YES;
				GCC_WARN_UNINITIALIZED_AUTOS = YES_AGGRESSIVE;
				GCC_WARN_UNUSED_FUNCTION = YES;
				GCC_WARN_UNUSED_VARIABLE = YES;
				IPHONEOS_DEPLOYMENT_TARGET = 13.1;
				MTL_ENABLE_DEBUG_INFO = NO;
				MTL_FAST_MATH = YES;
				SDKROOT = iphoneos;
				SWIFT_COMPILATION_MODE = wholemodule;
				SWIFT_OPTIMIZATION_LEVEL = "-O";
				VALIDATE_PRODUCT = YES;
			};
			name = Release;
		};
		7BF752FB2359C41700215918 /* Debug */ = {
			isa = XCBuildConfiguration;
			buildSettings = {
				ASSETCATALOG_COMPILER_APPICON_NAME = AppIcon;
				CODE_SIGN_STYLE = Automatic;
				DEVELOPMENT_TEAM = X4Q9MUR658;
				INFOPLIST_FILE = Otter/Info.plist;
				LD_RUNPATH_SEARCH_PATHS = (
					"$(inherited)",
					"@executable_path/Frameworks",
				);
				PRODUCT_BUNDLE_IDENTIFIER = com.alpine.Otter;
				PRODUCT_NAME = "$(TARGET_NAME)";
				SWIFT_VERSION = 5.0;
				TARGETED_DEVICE_FAMILY = "1,2";
			};
			name = Debug;
		};
		7BF752FC2359C41700215918 /* Release */ = {
			isa = XCBuildConfiguration;
			buildSettings = {
				ASSETCATALOG_COMPILER_APPICON_NAME = AppIcon;
				CODE_SIGN_STYLE = Automatic;
				DEVELOPMENT_TEAM = X4Q9MUR658;
				INFOPLIST_FILE = Otter/Info.plist;
				LD_RUNPATH_SEARCH_PATHS = (
					"$(inherited)",
					"@executable_path/Frameworks",
				);
				PRODUCT_BUNDLE_IDENTIFIER = com.alpine.Otter;
				PRODUCT_NAME = "$(TARGET_NAME)";
				SWIFT_VERSION = 5.0;
				TARGETED_DEVICE_FAMILY = "1,2";
			};
			name = Release;
		};
/* End XCBuildConfiguration section */

/* Begin XCConfigurationList section */
		7BF752DE2359C41500215918 /* Build configuration list for PBXProject "Otter" */ = {
			isa = XCConfigurationList;
			buildConfigurations = (
				7BF752F82359C41700215918 /* Debug */,
				7BF752F92359C41700215918 /* Release */,
			);
			defaultConfigurationIsVisible = 0;
			defaultConfigurationName = Release;
		};
		7BF752FA2359C41700215918 /* Build configuration list for PBXNativeTarget "Otter" */ = {
			isa = XCConfigurationList;
			buildConfigurations = (
				7BF752FB2359C41700215918 /* Debug */,
				7BF752FC2359C41700215918 /* Release */,
			);
			defaultConfigurationIsVisible = 0;
			defaultConfigurationName = Release;
		};
/* End XCConfigurationList section */

/* Begin XCVersionGroup section */
		7BF752EF2359C41500215918 /* Otter.xcdatamodeld */ = {
			isa = XCVersionGroup;
			children = (
				7BF752F02359C41500215918 /* Otter.xcdatamodel */,
			);
			currentVersion = 7BF752F02359C41500215918 /* Otter.xcdatamodel */;
			path = Otter.xcdatamodeld;
			sourceTree = "<group>";
			versionGroupType = wrapper.xcdatamodel;
		};
/* End XCVersionGroup section */
	};
	rootObject = 7BF752DB2359C41500215918 /* Project object */;
}
